
Microsoft Visual Studio Solution File, Format Version 12.00
# Visual Studio Version 17
VisualStudioVersion = 17.5.33627.172
MinimumVisualStudioVersion = 10.0.40219.1
Project("{FAE04EC0-301F-11D3-BF4B-00C04F79EFBC}") = "SingletonImplementation", "SingletonImplementation\SingletonImplementation.csproj", "{5D626898-78C1-4C8B-BE4C-AD000BE142DD}"
EndProject
Project("{FAE04EC0-301F-11D3-BF4B-00C04F79EFBC}") = "SingletonClient", "SingletonClient\SingletonClient.csproj", "{14CE01A9-FC08-47E7-B011-08199B24786A}"
EndProject
Global
	GlobalSection(SolutionConfigurationPlatforms) = preSolution
		Debug|Any CPU = Debug|Any CPU
		Release|Any CPU = Release|Any CPU
	EndGlobalSection
	GlobalSection(ProjectConfigurationPlatforms) = postSolution
		{5D626898-78C1-4C8B-BE4C-AD000BE142DD}.Debug|Any CPU.ActiveCfg = Debug|Any CPU
		{5D626898-78C1-4C8B-BE4C-AD000BE142DD}.Debug|Any CPU.Build.0 = Debug|Any CPU
		{5D626898-78C1-4C8B-BE4C-AD000BE142DD}.Release|Any CPU.ActiveCfg = Release|Any CPU
		{5D626898-78C1-4C8B-BE4C-AD000BE142DD}.Release|Any CPU.Build.0 = Release|Any CPU
		{14CE01A9-FC08-47E7-B011-08199B24786A}.Debug|Any CPU.ActiveCfg = Debug|Any CPU
		{14CE01A9-FC08-47E7-B011-08199B24786A}.Debug|Any CPU.Build.0 = Debug|Any CPU
		{14CE01A9-FC08-47E7-B011-08199B24786A}.Release|Any CPU.ActiveCfg = Release|Any CPU
		{14CE01A9-FC08-47E7-B011-08199B24786A}.Release|Any CPU.Build.0 = Release|Any CPU
	EndGlobalSection
	GlobalSection(SolutionProperties) = preSolution
		HideSolutionNode = FALSE
	EndGlobalSection
	GlobalSection(ExtensibilityGlobals) = postSolution
		SolutionGuid = {AC78D22B-3D2F-454F-A876-6540E17E1019}
	EndGlobalSection
EndGlobal
